
Microsoft Visual Studio Solution File, Format Version 12.00
# Visual Studio 2012
Project("{F184B08F-C81C-45F6-A57F-5ABD9991F28F}") = "WebLogger.EVE.Ver1", "WebLogger.EVE.Ver1\WebLogger.EVE.Ver1.vbproj", "{A95C8142-64F1-4AB5-9035-42C1AFFF4B16}"
EndProject
Project("{6141683F-8A12-4E36-9623-2EB02B2C2303}") = "Setup", "Setup\Setup.isproj", "{AB370BA0-931E-4F33-928C-AC29275B2525}"
EndProject
Global
	GlobalSection(SolutionConfigurationPlatforms) = preSolution
		CD_ROM|x64 = CD_ROM|x64
		CD_ROM|x86 = CD_ROM|x86
		Debug|x64 = Debug|x64
		Debug|x86 = Debug|x86
		DVD-5|x64 = DVD-5|x64
		DVD-5|x86 = DVD-5|x86
		Release|x64 = Release|x64
		Release|x86 = Release|x86
		SingleImage|x64 = SingleImage|x64
		SingleImage|x86 = SingleImage|x86
	EndGlobalSection
	GlobalSection(ProjectConfigurationPlatforms) = postSolution
		{A95C8142-64F1-4AB5-9035-42C1AFFF4B16}.CD_ROM|x64.ActiveCfg = Release|x64
		{A95C8142-64F1-4AB5-9035-42C1AFFF4B16}.CD_ROM|x64.Build.0 = Release|x64
		{A95C8142-64F1-4AB5-9035-42C1AFFF4B16}.CD_ROM|x86.ActiveCfg = Release|x86
		{A95C8142-64F1-4AB5-9035-42C1AFFF4B16}.CD_ROM|x86.Build.0 = Release|x86
		{A95C8142-64F1-4AB5-9035-42C1AFFF4B16}.Debug|x64.ActiveCfg = Debug|x86
		{A95C8142-64F1-4AB5-9035-42C1AFFF4B16}.Debug|x64.Build.0 = Debug|x86
		{A95C8142-64F1-4AB5-9035-42C1AFFF4B16}.Debug|x86.ActiveCfg = Debug|x86
		{A95C8142-64F1-4AB5-9035-42C1AFFF4B16}.Debug|x86.Build.0 = Debug|x86
		{A95C8142-64F1-4AB5-9035-42C1AFFF4B16}.DVD-5|x64.ActiveCfg = Debug|x64
		{A95C8142-64F1-4AB5-9035-42C1AFFF4B16}.DVD-5|x64.Build.0 = Debug|x64
		{A95C8142-64F1-4AB5-9035-42C1AFFF4B16}.DVD-5|x86.ActiveCfg = Debug|x86
		{A95C8142-64F1-4AB5-9035-42C1AFFF4B16}.DVD-5|x86.Build.0 = Debug|x86
		{A95C8142-64F1-4AB5-9035-42C1AFFF4B16}.Release|x64.ActiveCfg = Release|x86
		{A95C8142-64F1-4AB5-9035-42C1AFFF4B16}.Release|x64.Build.0 = Release|x86
		{A95C8142-64F1-4AB5-9035-42C1AFFF4B16}.Release|x64.Deploy.0 = Release|x86
		{A95C8142-64F1-4AB5-9035-42C1AFFF4B16}.Release|x86.ActiveCfg = Release|x86
		{A95C8142-64F1-4AB5-9035-42C1AFFF4B16}.Release|x86.Build.0 = Release|x86
		{A95C8142-64F1-4AB5-9035-42C1AFFF4B16}.SingleImage|x64.ActiveCfg = Release|x64
		{A95C8142-64F1-4AB5-9035-42C1AFFF4B16}.SingleImage|x64.Build.0 = Release|x64
		{A95C8142-64F1-4AB5-9035-42C1AFFF4B16}.SingleImage|x86.ActiveCfg = Release|x86
		{A95C8142-64F1-4AB5-9035-42C1AFFF4B16}.SingleImage|x86.Build.0 = Release|x86
		{AB370BA0-931E-4F33-928C-AC29275B2525}.CD_ROM|x64.ActiveCfg = CD_ROM
		{AB370BA0-931E-4F33-928C-AC29275B2525}.CD_ROM|x64.Build.0 = CD_ROM
		{AB370BA0-931E-4F33-928C-AC29275B2525}.CD_ROM|x86.ActiveCfg = CD_ROM
		{AB370BA0-931E-4F33-928C-AC29275B2525}.CD_ROM|x86.Build.0 = CD_ROM
		{AB370BA0-931E-4F33-928C-AC29275B2525}.Debug|x64.ActiveCfg = DVD-5
		{AB370BA0-931E-4F33-928C-AC29275B2525}.Debug|x64.Build.0 = DVD-5
		{AB370BA0-931E-4F33-928C-AC29275B2525}.Debug|x86.ActiveCfg = DVD-5
		{AB370BA0-931E-4F33-928C-AC29275B2525}.Debug|x86.Build.0 = DVD-5
		{AB370BA0-931E-4F33-928C-AC29275B2525}.DVD-5|x64.ActiveCfg = DVD-5
		{AB370BA0-931E-4F33-928C-AC29275B2525}.DVD-5|x64.Build.0 = DVD-5
		{AB370BA0-931E-4F33-928C-AC29275B2525}.DVD-5|x86.ActiveCfg = DVD-5
		{AB370BA0-931E-4F33-928C-AC29275B2525}.DVD-5|x86.Build.0 = DVD-5
		{AB370BA0-931E-4F33-928C-AC29275B2525}.Release|x64.ActiveCfg = SingleImage
		{AB370BA0-931E-4F33-928C-AC29275B2525}.Release|x64.Build.0 = SingleImage
		{AB370BA0-931E-4F33-928C-AC29275B2525}.Release|x86.ActiveCfg = SingleImage
		{AB370BA0-931E-4F33-928C-AC29275B2525}.Release|x86.Build.0 = SingleImage
		{AB370BA0-931E-4F33-928C-AC29275B2525}.SingleImage|x64.ActiveCfg = SingleImage
		{AB370BA0-931E-4F33-928C-AC29275B2525}.SingleImage|x64.Build.0 = SingleImage
		{AB370BA0-931E-4F33-928C-AC29275B2525}.SingleImage|x86.ActiveCfg = SingleImage
		{AB370BA0-931E-4F33-928C-AC29275B2525}.SingleImage|x86.Build.0 = SingleImage
	EndGlobalSection
	GlobalSection(SolutionProperties) = preSolution
		HideSolutionNode = FALSE
	EndGlobalSection
EndGlobal
